
Microsoft Visual Studio Solution File, Format Version 12.00
# Visual Studio Version 17
VisualStudioVersion = 17.1.32104.313
MinimumVisualStudioVersion = 10.0.40219.1
Project("{9A19103F-16F7-4668-BE54-9A1E7A4F7556}") = "TrainingML", "TrainingML\TrainingML.csproj", "{3C188E10-17DF-4281-A93D-838C380149A9}"
EndProject
Project("{9A19103F-16F7-4668-BE54-9A1E7A4F7556}") = "WebML.Server", "WebML\Server\WebML.Server.csproj", "{2B1EA165-D897-45B2-BD58-84F830A768AF}"
EndProject
Project("{9A19103F-16F7-4668-BE54-9A1E7A4F7556}") = "WebML.Client", "WebML\Client\WebML.Client.csproj", "{C45AF062-2422-4C78-9900-EB3D08BF2CF6}"
EndProject
Project("{9A19103F-16F7-4668-BE54-9A1E7A4F7556}") = "WebML.Shared", "WebML\Shared\WebML.Shared.csproj", "{0D65010A-2338-414C-82DF-6226E89D8247}"
EndProject
Global
	GlobalSection(SolutionConfigurationPlatforms) = preSolution
		Debug|Any CPU = Debug|Any CPU
		Release|Any CPU = Release|Any CPU
	EndGlobalSection
	GlobalSection(ProjectConfigurationPlatforms) = postSolution
		{3C188E10-17DF-4281-A93D-838C380149A9}.Debug|Any CPU.ActiveCfg = Debug|Any CPU
		{3C188E10-17DF-4281-A93D-838C380149A9}.Debug|Any CPU.Build.0 = Debug|Any CPU
		{3C188E10-17DF-4281-A93D-838C380149A9}.Release|Any CPU.ActiveCfg = Release|Any CPU
		{3C188E10-17DF-4281-A93D-838C380149A9}.Release|Any CPU.Build.0 = Release|Any CPU
		{2B1EA165-D897-45B2-BD58-84F830A768AF}.Debug|Any CPU.ActiveCfg = Debug|Any CPU
		{2B1EA165-D897-45B2-BD58-84F830A768AF}.Debug|Any CPU.Build.0 = Debug|Any CPU
		{2B1EA165-D897-45B2-BD58-84F830A768AF}.Release|Any CPU.ActiveCfg = Release|Any CPU
		{2B1EA165-D897-45B2-BD58-84F830A768AF}.Release|Any CPU.Build.0 = Release|Any CPU
		{C45AF062-2422-4C78-9900-EB3D08BF2CF6}.Debug|Any CPU.ActiveCfg = Debug|Any CPU
		{C45AF062-2422-4C78-9900-EB3D08BF2CF6}.Debug|Any CPU.Build.0 = Debug|Any CPU
		{C45AF062-2422-4C78-9900-EB3D08BF2CF6}.Release|Any CPU.ActiveCfg = Release|Any CPU
		{C45AF062-2422-4C78-9900-EB3D08BF2CF6}.Release|Any CPU.Build.0 = Release|Any CPU
		{0D65010A-2338-414C-82DF-6226E89D8247}.Debug|Any CPU.ActiveCfg = Debug|Any CPU
		{0D65010A-2338-414C-82DF-6226E89D8247}.Debug|Any CPU.Build.0 = Debug|Any CPU
		{0D65010A-2338-414C-82DF-6226E89D8247}.Release|Any CPU.ActiveCfg = Release|Any CPU
		{0D65010A-2338-414C-82DF-6226E89D8247}.Release|Any CPU.Build.0 = Release|Any CPU
	EndGlobalSection
	GlobalSection(SolutionProperties) = preSolution
		HideSolutionNode = FALSE
	EndGlobalSection
	GlobalSection(ExtensibilityGlobals) = postSolution
		SolutionGuid = {DCEB12AD-981D-46CC-A10F-E008E06C8E1A}
	EndGlobalSection
EndGlobal
